
Microsoft Visual Studio Solution File, Format Version 12.00
# Visual Studio Version 17
VisualStudioVersion = 17.8.34316.72
MinimumVisualStudioVersion = 10.0.40219.1
Project("{2150E333-8FDC-42A3-9474-1A3956D46DE8}") = "Clients", "Clients", "{B1742361-5F5D-43D3-B6D2-586D71F09B95}"
EndProject
Project("{2150E333-8FDC-42A3-9474-1A3956D46DE8}") = "Domain", "Domain", "{E981A524-59E1-41E8-AF07-83DC44C51CA0}"
EndProject
Project("{2150E333-8FDC-42A3-9474-1A3956D46DE8}") = "Microservices", "Microservices", "{157DF859-0B8F-4DDC-9730-21155263E386}"
EndProject
Project("{2150E333-8FDC-42A3-9474-1A3956D46DE8}") = "Commons", "Commons", "{05DA9DB2-7EE3-4827-B645-271AAE7C8289}"
EndProject
Project("{2150E333-8FDC-42A3-9474-1A3956D46DE8}") = "APIs", "APIs", "{7E520C24-B9F1-46A2-9A3E-ACC24203D9B8}"
EndProject
Project("{2150E333-8FDC-42A3-9474-1A3956D46DE8}") = "Gateways", "Gateways", "{C4948D61-0A1A-4F2C-8E9C-4BE43120FF1A}"
EndProject
Project("{2150E333-8FDC-42A3-9474-1A3956D46DE8}") = "Books", "Books", "{CFDCCF76-391B-4C32-B5C6-9EAA754B06A9}"
EndProject
Project("{2150E333-8FDC-42A3-9474-1A3956D46DE8}") = "Orders", "Orders", "{43CC74D1-4C42-47CD-9E99-55AB39BED538}"
EndProject
Project("{2150E333-8FDC-42A3-9474-1A3956D46DE8}") = "Users", "Users", "{9B1B10C2-2D4C-45BD-9C03-95A8A05B81AD}"
EndProject
Project("{9A19103F-16F7-4668-BE54-9A1E7A4F7556}") = "Domain.Common", "Domain\Commons\Domain.Common\Domain.Common.csproj", "{0BD1BF3C-0F41-41F8-88AF-E9B8D179C928}"
EndProject
Project("{9A19103F-16F7-4668-BE54-9A1E7A4F7556}") = "Books.DataAccess", "Microservices\APIs\Books\Books.DataAccess\Books.DataAccess.csproj", "{86632450-F17C-446A-BCBA-A736A9D31FBB}"
EndProject
Project("{9A19103F-16F7-4668-BE54-9A1E7A4F7556}") = "Orders.DataAccess", "Microservices\APIs\Orders\Orders.DataAccess\Orders.DataAccess.csproj", "{886A733A-36D1-4773-B0F2-1FE7A344A737}"
EndProject
Project("{9A19103F-16F7-4668-BE54-9A1E7A4F7556}") = "Users.DataAccess", "Microservices\APIs\Users\Users.DataAccess\Users.DataAccess.csproj", "{151CAB77-97E4-4617-A751-02E1DE2D2D26}"
EndProject
Global
	GlobalSection(SolutionConfigurationPlatforms) = preSolution
		Debug|Any CPU = Debug|Any CPU
		Release|Any CPU = Release|Any CPU
	EndGlobalSection
	GlobalSection(ProjectConfigurationPlatforms) = postSolution
		{0BD1BF3C-0F41-41F8-88AF-E9B8D179C928}.Debug|Any CPU.ActiveCfg = Debug|Any CPU
		{0BD1BF3C-0F41-41F8-88AF-E9B8D179C928}.Debug|Any CPU.Build.0 = Debug|Any CPU
		{0BD1BF3C-0F41-41F8-88AF-E9B8D179C928}.Release|Any CPU.ActiveCfg = Release|Any CPU
		{0BD1BF3C-0F41-41F8-88AF-E9B8D179C928}.Release|Any CPU.Build.0 = Release|Any CPU
		{86632450-F17C-446A-BCBA-A736A9D31FBB}.Debug|Any CPU.ActiveCfg = Debug|Any CPU
		{86632450-F17C-446A-BCBA-A736A9D31FBB}.Debug|Any CPU.Build.0 = Debug|Any CPU
		{86632450-F17C-446A-BCBA-A736A9D31FBB}.Release|Any CPU.ActiveCfg = Release|Any CPU
		{86632450-F17C-446A-BCBA-A736A9D31FBB}.Release|Any CPU.Build.0 = Release|Any CPU
		{886A733A-36D1-4773-B0F2-1FE7A344A737}.Debug|Any CPU.ActiveCfg = Debug|Any CPU
		{886A733A-36D1-4773-B0F2-1FE7A344A737}.Debug|Any CPU.Build.0 = Debug|Any CPU
		{886A733A-36D1-4773-B0F2-1FE7A344A737}.Release|Any CPU.ActiveCfg = Release|Any CPU
		{886A733A-36D1-4773-B0F2-1FE7A344A737}.Release|Any CPU.Build.0 = Release|Any CPU
		{151CAB77-97E4-4617-A751-02E1DE2D2D26}.Debug|Any CPU.ActiveCfg = Debug|Any CPU
		{151CAB77-97E4-4617-A751-02E1DE2D2D26}.Debug|Any CPU.Build.0 = Debug|Any CPU
		{151CAB77-97E4-4617-A751-02E1DE2D2D26}.Release|Any CPU.ActiveCfg = Release|Any CPU
		{151CAB77-97E4-4617-A751-02E1DE2D2D26}.Release|Any CPU.Build.0 = Release|Any CPU
	EndGlobalSection
	GlobalSection(SolutionProperties) = preSolution
		HideSolutionNode = FALSE
	EndGlobalSection
	GlobalSection(NestedProjects) = preSolution
		{05DA9DB2-7EE3-4827-B645-271AAE7C8289} = {E981A524-59E1-41E8-AF07-83DC44C51CA0}
		{7E520C24-B9F1-46A2-9A3E-ACC24203D9B8} = {157DF859-0B8F-4DDC-9730-21155263E386}
		{C4948D61-0A1A-4F2C-8E9C-4BE43120FF1A} = {157DF859-0B8F-4DDC-9730-21155263E386}
		{CFDCCF76-391B-4C32-B5C6-9EAA754B06A9} = {7E520C24-B9F1-46A2-9A3E-ACC24203D9B8}
		{43CC74D1-4C42-47CD-9E99-55AB39BED538} = {7E520C24-B9F1-46A2-9A3E-ACC24203D9B8}
		{9B1B10C2-2D4C-45BD-9C03-95A8A05B81AD} = {7E520C24-B9F1-46A2-9A3E-ACC24203D9B8}
		{0BD1BF3C-0F41-41F8-88AF-E9B8D179C928} = {05DA9DB2-7EE3-4827-B645-271AAE7C8289}
		{86632450-F17C-446A-BCBA-A736A9D31FBB} = {CFDCCF76-391B-4C32-B5C6-9EAA754B06A9}
		{886A733A-36D1-4773-B0F2-1FE7A344A737} = {43CC74D1-4C42-47CD-9E99-55AB39BED538}
		{151CAB77-97E4-4617-A751-02E1DE2D2D26} = {9B1B10C2-2D4C-45BD-9C03-95A8A05B81AD}
	EndGlobalSection
	GlobalSection(ExtensibilityGlobals) = postSolution
		SolutionGuid = {FCAB5B09-7CA3-41FB-A410-42014F210759}
	EndGlobalSection
EndGlobal
